
Microsoft Visual Studio Solution File, Format Version 12.00
# Visual Studio Version 17
VisualStudioVersion = 17.5.33516.290
MinimumVisualStudioVersion = 10.0.40219.1
Project("{FAE04EC0-301F-11D3-BF4B-00C04F79EFBC}") = "ti4-calc", "ti4-calc.csproj", "{DE6A13A5-E8A0-406F-91AA-869E0CB5E31E}"
EndProject
Global
	GlobalSection(SolutionConfigurationPlatforms) = preSolution
		Debug|Any CPU = Debug|Any CPU
		Release|Any CPU = Release|Any CPU
	EndGlobalSection
	GlobalSection(ProjectConfigurationPlatforms) = postSolution
		{DE6A13A5-E8A0-406F-91AA-869E0CB5E31E}.Debug|Any CPU.ActiveCfg = Debug|Any CPU
		{DE6A13A5-E8A0-406F-91AA-869E0CB5E31E}.Debug|Any CPU.Build.0 = Debug|Any CPU
		{DE6A13A5-E8A0-406F-91AA-869E0CB5E31E}.Release|Any CPU.ActiveCfg = Release|Any CPU
		{DE6A13A5-E8A0-406F-91AA-869E0CB5E31E}.Release|Any CPU.Build.0 = Release|Any CPU
	EndGlobalSection
	GlobalSection(SolutionProperties) = preSolution
		HideSolutionNode = FALSE
	EndGlobalSection
	GlobalSection(ExtensibilityGlobals) = postSolution
		SolutionGuid = {3BB1A969-77C6-485A-929D-969E0596694B}
	EndGlobalSection
EndGlobal
